
Microsoft Visual Studio Solution File, Format Version 12.00
# Visual Studio 14
VisualStudioVersion = 14.0.23107.0
MinimumVisualStudioVersion = 10.0.40219.1
Project("{FAE04EC0-301F-11D3-BF4B-00C04F79EFBC}") = "TiendaBFWebApi", "TiendaBFWebApi\TiendaBFWebApi.csproj", "{4FF72F7F-E4DB-4728-AC64-9BDF4F56AD53}"
EndProject
Project("{FAE04EC0-301F-11D3-BF4B-00C04F79EFBC}") = "RepositorioTiendaBF", "RepositorioTiendaBF\RepositorioTiendaBF.csproj", "{C7D68A03-79E6-4706-AA5F-BAADB52F9B19}"
EndProject
Project("{FAE04EC0-301F-11D3-BF4B-00C04F79EFBC}") = "BaseRepositorio", "..\..\..\Documents\Visual Studio 2015\Projects\BaseRepositorio\BaseRepositorio\BaseRepositorio.csproj", "{D78603B4-D073-472C-872D-FA5035A2B7B5}"
EndProject
Global
	GlobalSection(SolutionConfigurationPlatforms) = preSolution
		Debug|Any CPU = Debug|Any CPU
		Release|Any CPU = Release|Any CPU
	EndGlobalSection
	GlobalSection(ProjectConfigurationPlatforms) = postSolution
		{4FF72F7F-E4DB-4728-AC64-9BDF4F56AD53}.Debug|Any CPU.ActiveCfg = Debug|Any CPU
		{4FF72F7F-E4DB-4728-AC64-9BDF4F56AD53}.Debug|Any CPU.Build.0 = Debug|Any CPU
		{4FF72F7F-E4DB-4728-AC64-9BDF4F56AD53}.Release|Any CPU.ActiveCfg = Release|Any CPU
		{4FF72F7F-E4DB-4728-AC64-9BDF4F56AD53}.Release|Any CPU.Build.0 = Release|Any CPU
		{C7D68A03-79E6-4706-AA5F-BAADB52F9B19}.Debug|Any CPU.ActiveCfg = Debug|Any CPU
		{C7D68A03-79E6-4706-AA5F-BAADB52F9B19}.Debug|Any CPU.Build.0 = Debug|Any CPU
		{C7D68A03-79E6-4706-AA5F-BAADB52F9B19}.Release|Any CPU.ActiveCfg = Release|Any CPU
		{C7D68A03-79E6-4706-AA5F-BAADB52F9B19}.Release|Any CPU.Build.0 = Release|Any CPU
		{D78603B4-D073-472C-872D-FA5035A2B7B5}.Debug|Any CPU.ActiveCfg = Debug|Any CPU
		{D78603B4-D073-472C-872D-FA5035A2B7B5}.Debug|Any CPU.Build.0 = Debug|Any CPU
		{D78603B4-D073-472C-872D-FA5035A2B7B5}.Release|Any CPU.ActiveCfg = Release|Any CPU
		{D78603B4-D073-472C-872D-FA5035A2B7B5}.Release|Any CPU.Build.0 = Release|Any CPU
	EndGlobalSection
	GlobalSection(SolutionProperties) = preSolution
		HideSolutionNode = FALSE
	EndGlobalSection
EndGlobal
